
Microsoft Visual Studio Solution File, Format Version 12.00
# Visual Studio Version 17
VisualStudioVersion = 17.10.35027.167
MinimumVisualStudioVersion = 10.0.40219.1
Project("{FAE04EC0-301F-11D3-BF4B-00C04F79EFBC}") = "UsoMeiatR.CQRS", "UsoMeiatR.CQRS.csproj", "{F48EB46F-606F-49A7-97C4-232FAEBD62D7}"
EndProject
Project("{2150E333-8FDC-42A3-9474-1A3956D46DE8}") = "Solution Items", "Solution Items", "{C73795E7-7FCB-404C-83CF-A4DD49A179B2}"
	ProjectSection(SolutionItems) = preProject
		.gitignore = .gitignore
	EndProjectSection
EndProject
Global
	GlobalSection(SolutionConfigurationPlatforms) = preSolution
		Debug|Any CPU = Debug|Any CPU
		Release|Any CPU = Release|Any CPU
	EndGlobalSection
	GlobalSection(ProjectConfigurationPlatforms) = postSolution
		{F48EB46F-606F-49A7-97C4-232FAEBD62D7}.Debug|Any CPU.ActiveCfg = Debug|Any CPU
		{F48EB46F-606F-49A7-97C4-232FAEBD62D7}.Debug|Any CPU.Build.0 = Debug|Any CPU
		{F48EB46F-606F-49A7-97C4-232FAEBD62D7}.Release|Any CPU.ActiveCfg = Release|Any CPU
		{F48EB46F-606F-49A7-97C4-232FAEBD62D7}.Release|Any CPU.Build.0 = Release|Any CPU
	EndGlobalSection
	GlobalSection(SolutionProperties) = preSolution
		HideSolutionNode = FALSE
	EndGlobalSection
	GlobalSection(ExtensibilityGlobals) = postSolution
		SolutionGuid = {629C3258-094A-435E-B6EF-E51F4631A98F}
	EndGlobalSection
EndGlobal
